
Microsoft Visual Studio Solution File, Format Version 12.00
# Visual Studio Version 16
VisualStudioVersion = 16.0.30804.86
MinimumVisualStudioVersion = 10.0.40219.1
Project("{9A19103F-16F7-4668-BE54-9A1E7A4F7556}") = "USend.Api", "USend.Api\USend.Api.csproj", "{F5261B35-C1E0-4DF2-AD6D-B83B2F992869}"
EndProject
Project("{9A19103F-16F7-4668-BE54-9A1E7A4F7556}") = "USend.Application", "USend.Application\USend.Application.csproj", "{5CA8AD8F-5731-4FA6-95C7-87F9C346064E}"
EndProject
Project("{9A19103F-16F7-4668-BE54-9A1E7A4F7556}") = "USend.Domain", "USend.Domain\USend.Domain.csproj", "{1047AB89-F8BD-47DD-A432-A7A491F3CCC3}"
EndProject
Project("{9A19103F-16F7-4668-BE54-9A1E7A4F7556}") = "USend.Infra.Data", "USend.Infra.Data\USend.Infra.Data.csproj", "{2EC0C91F-9BE9-457E-A554-B7445EBE2D35}"
EndProject
Project("{FAE04EC0-301F-11D3-BF4B-00C04F79EFBC}") = "USend.Infrastructure.IoC", "USend.Infrastructure.IoC\USend.Infrastructure.IoC.csproj", "{D97F96AF-FA37-497A-A510-AF4279F18E76}"
EndProject
Global
	GlobalSection(SolutionConfigurationPlatforms) = preSolution
		Debug|Any CPU = Debug|Any CPU
		Release|Any CPU = Release|Any CPU
	EndGlobalSection
	GlobalSection(ProjectConfigurationPlatforms) = postSolution
		{F5261B35-C1E0-4DF2-AD6D-B83B2F992869}.Debug|Any CPU.ActiveCfg = Debug|Any CPU
		{F5261B35-C1E0-4DF2-AD6D-B83B2F992869}.Debug|Any CPU.Build.0 = Debug|Any CPU
		{F5261B35-C1E0-4DF2-AD6D-B83B2F992869}.Release|Any CPU.ActiveCfg = Release|Any CPU
		{F5261B35-C1E0-4DF2-AD6D-B83B2F992869}.Release|Any CPU.Build.0 = Release|Any CPU
		{5CA8AD8F-5731-4FA6-95C7-87F9C346064E}.Debug|Any CPU.ActiveCfg = Debug|Any CPU
		{5CA8AD8F-5731-4FA6-95C7-87F9C346064E}.Debug|Any CPU.Build.0 = Debug|Any CPU
		{5CA8AD8F-5731-4FA6-95C7-87F9C346064E}.Release|Any CPU.ActiveCfg = Release|Any CPU
		{5CA8AD8F-5731-4FA6-95C7-87F9C346064E}.Release|Any CPU.Build.0 = Release|Any CPU
		{1047AB89-F8BD-47DD-A432-A7A491F3CCC3}.Debug|Any CPU.ActiveCfg = Debug|Any CPU
		{1047AB89-F8BD-47DD-A432-A7A491F3CCC3}.Debug|Any CPU.Build.0 = Debug|Any CPU
		{1047AB89-F8BD-47DD-A432-A7A491F3CCC3}.Release|Any CPU.ActiveCfg = Release|Any CPU
		{1047AB89-F8BD-47DD-A432-A7A491F3CCC3}.Release|Any CPU.Build.0 = Release|Any CPU
		{2EC0C91F-9BE9-457E-A554-B7445EBE2D35}.Debug|Any CPU.ActiveCfg = Debug|Any CPU
		{2EC0C91F-9BE9-457E-A554-B7445EBE2D35}.Debug|Any CPU.Build.0 = Debug|Any CPU
		{2EC0C91F-9BE9-457E-A554-B7445EBE2D35}.Release|Any CPU.ActiveCfg = Release|Any CPU
		{2EC0C91F-9BE9-457E-A554-B7445EBE2D35}.Release|Any CPU.Build.0 = Release|Any CPU
		{D97F96AF-FA37-497A-A510-AF4279F18E76}.Debug|Any CPU.ActiveCfg = Debug|Any CPU
		{D97F96AF-FA37-497A-A510-AF4279F18E76}.Debug|Any CPU.Build.0 = Debug|Any CPU
		{D97F96AF-FA37-497A-A510-AF4279F18E76}.Release|Any CPU.ActiveCfg = Release|Any CPU
		{D97F96AF-FA37-497A-A510-AF4279F18E76}.Release|Any CPU.Build.0 = Release|Any CPU
	EndGlobalSection
	GlobalSection(SolutionProperties) = preSolution
		HideSolutionNode = FALSE
	EndGlobalSection
	GlobalSection(ExtensibilityGlobals) = postSolution
		SolutionGuid = {E8E01AD2-A324-4183-A318-9956F0296F73}
	EndGlobalSection
EndGlobal
